
Microsoft Visual Studio Solution File, Format Version 12.00
# Visual Studio Version 16
VisualStudioVersion = 16.0.808.0
MinimumVisualStudioVersion = 10.0.40219.1
Project("{FAE04EC0-301F-11D3-BF4B-00C04F79EFBC}") = "Music2Js", "Music2Js\Music2Js.csproj", "{E4B26FD8-F25E-4FC0-85AE-DD96E297881A}"
EndProject
Global
	GlobalSection(SolutionConfigurationPlatforms) = preSolution
		Debug|Any CPU = Debug|Any CPU
		Release|Any CPU = Release|Any CPU
	EndGlobalSection
	GlobalSection(ProjectConfigurationPlatforms) = postSolution
		{E4B26FD8-F25E-4FC0-85AE-DD96E297881A}.Debug|Any CPU.ActiveCfg = Debug|Any CPU
		{E4B26FD8-F25E-4FC0-85AE-DD96E297881A}.Debug|Any CPU.Build.0 = Debug|Any CPU
		{E4B26FD8-F25E-4FC0-85AE-DD96E297881A}.Release|Any CPU.ActiveCfg = Release|Any CPU
		{E4B26FD8-F25E-4FC0-85AE-DD96E297881A}.Release|Any CPU.Build.0 = Release|Any CPU
	EndGlobalSection
	GlobalSection(SolutionProperties) = preSolution
		HideSolutionNode = FALSE
	EndGlobalSection
	GlobalSection(ExtensibilityGlobals) = postSolution
		SolutionGuid = {8908C643-6FCB-4B74-BD05-6E252DF43E96}
	EndGlobalSection
EndGlobal
